
Microsoft Visual Studio Solution File, Format Version 12.00
# Visual Studio 15
VisualStudioVersion = 15.0.28307.421
MinimumVisualStudioVersion = 10.0.40219.1
Project("{FAE04EC0-301F-11D3-BF4B-00C04F79EFBC}") = "latihanmethod", "latihanmethod\latihanmethod.csproj", "{70272255-EF7A-46AB-BF64-857F2C0925B5}"
EndProject
Global
	GlobalSection(SolutionConfigurationPlatforms) = preSolution
		Debug|Any CPU = Debug|Any CPU
		Release|Any CPU = Release|Any CPU
	EndGlobalSection
	GlobalSection(ProjectConfigurationPlatforms) = postSolution
		{70272255-EF7A-46AB-BF64-857F2C0925B5}.Debug|Any CPU.ActiveCfg = Debug|Any CPU
		{70272255-EF7A-46AB-BF64-857F2C0925B5}.Debug|Any CPU.Build.0 = Debug|Any CPU
		{70272255-EF7A-46AB-BF64-857F2C0925B5}.Release|Any CPU.ActiveCfg = Release|Any CPU
		{70272255-EF7A-46AB-BF64-857F2C0925B5}.Release|Any CPU.Build.0 = Release|Any CPU
	EndGlobalSection
	GlobalSection(SolutionProperties) = preSolution
		HideSolutionNode = FALSE
	EndGlobalSection
	GlobalSection(ExtensibilityGlobals) = postSolution
		SolutionGuid = {B7E1A6D5-882C-4D60-AD2B-89A4C1078120}
	EndGlobalSection
EndGlobal
